
Microsoft Visual Studio Solution File, Format Version 12.00
# Visual Studio Version 16
VisualStudioVersion = 16.0.31911.196
MinimumVisualStudioVersion = 10.0.40219.1
Project("{FAE04EC0-301F-11D3-BF4B-00C04F79EFBC}") = "StackProject", "StackProject\StackProject.csproj", "{B299C85F-A503-4CB5-8D3B-3AEDA37F3DA9}"
EndProject
Project("{FAE04EC0-301F-11D3-BF4B-00C04F79EFBC}") = "DataLayer", "DataLayer\DataLayer.csproj", "{7C2D6B32-9147-4C81-B051-DF77D50CE15E}"
EndProject
Global
	GlobalSection(SolutionConfigurationPlatforms) = preSolution
		Debug|Any CPU = Debug|Any CPU
		Release|Any CPU = Release|Any CPU
	EndGlobalSection
	GlobalSection(ProjectConfigurationPlatforms) = postSolution
		{B299C85F-A503-4CB5-8D3B-3AEDA37F3DA9}.Debug|Any CPU.ActiveCfg = Debug|Any CPU
		{B299C85F-A503-4CB5-8D3B-3AEDA37F3DA9}.Debug|Any CPU.Build.0 = Debug|Any CPU
		{B299C85F-A503-4CB5-8D3B-3AEDA37F3DA9}.Release|Any CPU.ActiveCfg = Release|Any CPU
		{B299C85F-A503-4CB5-8D3B-3AEDA37F3DA9}.Release|Any CPU.Build.0 = Release|Any CPU
		{7C2D6B32-9147-4C81-B051-DF77D50CE15E}.Debug|Any CPU.ActiveCfg = Debug|Any CPU
		{7C2D6B32-9147-4C81-B051-DF77D50CE15E}.Debug|Any CPU.Build.0 = Debug|Any CPU
		{7C2D6B32-9147-4C81-B051-DF77D50CE15E}.Release|Any CPU.ActiveCfg = Release|Any CPU
		{7C2D6B32-9147-4C81-B051-DF77D50CE15E}.Release|Any CPU.Build.0 = Release|Any CPU
	EndGlobalSection
	GlobalSection(SolutionProperties) = preSolution
		HideSolutionNode = FALSE
	EndGlobalSection
	GlobalSection(ExtensibilityGlobals) = postSolution
		SolutionGuid = {82741450-FA2A-44E1-B4F5-295DA4E30B9A}
	EndGlobalSection
EndGlobal
